
Microsoft Visual Studio Solution File, Format Version 12.00
# Visual Studio Version 16
VisualStudioVersion = 16.0.31005.135
MinimumVisualStudioVersion = 10.0.40219.1
Project("{8BC9CEB8-8B4A-11D0-8D11-00A0C91BC942}") = "BlueMarble_MatchMaking_Server", "BlueMarble_MatchMaking_Server.vcxproj", "{D989DA68-3748-409D-827E-AAE6B3166561}"
EndProject
Global
	GlobalSection(SolutionConfigurationPlatforms) = preSolution
		Debug|x64 = Debug|x64
		Debug|x86 = Debug|x86
		Release|x64 = Release|x64
		Release|x86 = Release|x86
	EndGlobalSection
	GlobalSection(ProjectConfigurationPlatforms) = postSolution
		{D989DA68-3748-409D-827E-AAE6B3166561}.Debug|x64.ActiveCfg = Debug|x64
		{D989DA68-3748-409D-827E-AAE6B3166561}.Debug|x64.Build.0 = Debug|x64
		{D989DA68-3748-409D-827E-AAE6B3166561}.Debug|x86.ActiveCfg = Debug|Win32
		{D989DA68-3748-409D-827E-AAE6B3166561}.Debug|x86.Build.0 = Debug|Win32
		{D989DA68-3748-409D-827E-AAE6B3166561}.Release|x64.ActiveCfg = Release|x64
		{D989DA68-3748-409D-827E-AAE6B3166561}.Release|x64.Build.0 = Release|x64
		{D989DA68-3748-409D-827E-AAE6B3166561}.Release|x86.ActiveCfg = Release|Win32
		{D989DA68-3748-409D-827E-AAE6B3166561}.Release|x86.Build.0 = Release|Win32
	EndGlobalSection
	GlobalSection(SolutionProperties) = preSolution
		HideSolutionNode = FALSE
	EndGlobalSection
	GlobalSection(ExtensibilityGlobals) = postSolution
		SolutionGuid = {775F3180-A2E6-43EB-B9D0-4256C0D966B9}
	EndGlobalSection
EndGlobal
